
Microsoft Visual Studio Solution File, Format Version 12.00
# Visual Studio 15
VisualStudioVersion = 15.0.28010.2041
MinimumVisualStudioVersion = 10.0.40219.1
Project("{FAE04EC0-301F-11D3-BF4B-00C04F79EFBC}") = "1-100 arasındaki sayıları toplama", "1-100 arasındaki sayıları toplama\1-100 arasındaki sayıları toplama.csproj", "{E18B556E-C6A3-46A2-ADB2-EED4227546D9}"
EndProject
Global
	GlobalSection(SolutionConfigurationPlatforms) = preSolution
		Debug|Any CPU = Debug|Any CPU
		Release|Any CPU = Release|Any CPU
	EndGlobalSection
	GlobalSection(ProjectConfigurationPlatforms) = postSolution
		{E18B556E-C6A3-46A2-ADB2-EED4227546D9}.Debug|Any CPU.ActiveCfg = Debug|Any CPU
		{E18B556E-C6A3-46A2-ADB2-EED4227546D9}.Debug|Any CPU.Build.0 = Debug|Any CPU
		{E18B556E-C6A3-46A2-ADB2-EED4227546D9}.Release|Any CPU.ActiveCfg = Release|Any CPU
		{E18B556E-C6A3-46A2-ADB2-EED4227546D9}.Release|Any CPU.Build.0 = Release|Any CPU
	EndGlobalSection
	GlobalSection(SolutionProperties) = preSolution
		HideSolutionNode = FALSE
	EndGlobalSection
	GlobalSection(ExtensibilityGlobals) = postSolution
		SolutionGuid = {F27BDB77-A26B-42A2-B9AE-3A9605E0473E}
	EndGlobalSection
EndGlobal
