
Microsoft Visual Studio Solution File, Format Version 12.00
# Visual Studio 15
VisualStudioVersion = 15.0.28010.2041
MinimumVisualStudioVersion = 10.0.40219.1
Project("{FAE04EC0-301F-11D3-BF4B-00C04F79EFBC}") = "kalıtım ödevi", "kalıtım ödevi\kalıtım ödevi.csproj", "{64A60D74-F769-4062-AEC4-1D5D1E477A22}"
EndProject
Global
	GlobalSection(SolutionConfigurationPlatforms) = preSolution
		Debug|Any CPU = Debug|Any CPU
		Release|Any CPU = Release|Any CPU
	EndGlobalSection
	GlobalSection(ProjectConfigurationPlatforms) = postSolution
		{64A60D74-F769-4062-AEC4-1D5D1E477A22}.Debug|Any CPU.ActiveCfg = Debug|Any CPU
		{64A60D74-F769-4062-AEC4-1D5D1E477A22}.Debug|Any CPU.Build.0 = Debug|Any CPU
		{64A60D74-F769-4062-AEC4-1D5D1E477A22}.Release|Any CPU.ActiveCfg = Release|Any CPU
		{64A60D74-F769-4062-AEC4-1D5D1E477A22}.Release|Any CPU.Build.0 = Release|Any CPU
	EndGlobalSection
	GlobalSection(SolutionProperties) = preSolution
		HideSolutionNode = FALSE
	EndGlobalSection
	GlobalSection(ExtensibilityGlobals) = postSolution
		SolutionGuid = {3D9494A9-6613-4C69-A606-B56ACC81AD6B}
	EndGlobalSection
EndGlobal
